
Microsoft Visual Studio Solution File, Format Version 12.00
# Visual Studio Version 17
VisualStudioVersion = 17.14.36623.8
MinimumVisualStudioVersion = 10.0.40219.1
Project("{2150E333-8FDC-42A3-9474-1A3956D46DE8}") = "Task0", "Task0", "{02EA681E-C7D8-13C7-8484-4AC65E1B71E8}"
EndProject
Project("{FAE04EC0-301F-11D3-BF4B-00C04F79EFBC}") = "Tyuiu.RagozinaAD.Sprint5.Task0.V6", "Tyuiu.RagozinaAD.Sprint5.Task0.V6\Tyuiu.RagozinaAD.Sprint5.Task0.V6.csproj", "{83ECBFCB-EB12-4F6A-B1CB-E31EE4E979F2}"
EndProject
Project("{FAE04EC0-301F-11D3-BF4B-00C04F79EFBC}") = "Tyuiu.RagozinaAD.Sprint5.Task0.V6.Lib", "Tyuiu.RagozinaAD.Sprint5.Task0.V6.Lib\Tyuiu.RagozinaAD.Sprint5.Task0.V6.Lib.csproj", "{BBC98B00-9F69-470D-8444-ECFCFB0202A1}"
EndProject
Project("{FAE04EC0-301F-11D3-BF4B-00C04F79EFBC}") = "Tyuiu.RagozinaAD.Sprint5.Task0.V6.Test", "Tyuiu.RagozinaAD.Sprint5.Task0.V6.Test\Tyuiu.RagozinaAD.Sprint5.Task0.V6.Test.csproj", "{1689FC83-A8E5-4BE4-B25C-1D19F4474299}"
EndProject
Project("{2150E333-8FDC-42A3-9474-1A3956D46DE8}") = "Task1", "Task1", "{9EFE25A8-8ED2-40FC-B816-B19F443016FA}"
EndProject
Project("{FAE04EC0-301F-11D3-BF4B-00C04F79EFBC}") = "Tyuiu.RagozinaAD.Sprint5.Task1.V1", "Tyuiu.RagozinaAD.Sprint5.Task1.V1\Tyuiu.RagozinaAD.Sprint5.Task1.V1.csproj", "{4AF5B3FA-DE90-4609-A69B-4DD257D91821}"
EndProject
Project("{FAE04EC0-301F-11D3-BF4B-00C04F79EFBC}") = "Tyuiu.RagozinaAD.Sprint5.Task1.V1.Lib", "Tyuiu.RagozinaAD.Sprint5.Task1.V1.Lib\Tyuiu.RagozinaAD.Sprint5.Task1.V1.Lib.csproj", "{B514C07D-FC67-425F-AD3F-DA008B4C127C}"
EndProject
Project("{FAE04EC0-301F-11D3-BF4B-00C04F79EFBC}") = "Tyuiu.RagozinaAD.Sprint5.Task1.V1.Test", "Tyuiu.RagozinaAD.Sprint5.Task1.V1.Test\Tyuiu.RagozinaAD.Sprint5.Task1.V1.Test.csproj", "{7E72939B-913F-467B-BC1A-869C483DDC53}"
EndProject
Project("{2150E333-8FDC-42A3-9474-1A3956D46DE8}") = "Task2", "Task2", "{007C86B5-B164-4CE9-B7C6-0F270BE39704}"
EndProject
Project("{FAE04EC0-301F-11D3-BF4B-00C04F79EFBC}") = "Tyuiu.RagozinaAD.Sprint5.Task2.V15", "Tyuiu.RagozinaAD.Sprint5.Task2.V15\Tyuiu.RagozinaAD.Sprint5.Task2.V15.csproj", "{5BC1FCFD-99C5-446B-807E-9587BBACC927}"
EndProject
Project("{FAE04EC0-301F-11D3-BF4B-00C04F79EFBC}") = "Tyuiu.RagozinaAD.Sprint5.Task2.V15.Lib", "Tyuiu.RagozinaAD.Sprint5.Task2.V15.Lib\Tyuiu.RagozinaAD.Sprint5.Task2.V15.Lib.csproj", "{AA809DAD-E960-4DEF-858B-7AF1C7BE42E6}"
EndProject
Project("{FAE04EC0-301F-11D3-BF4B-00C04F79EFBC}") = "Tyuiu.RagozinaAD.Sprint5.Task2.V15.Test", "Tyuiu.RagozinaAD.Sprint5.Task2.V15.Test\Tyuiu.RagozinaAD.Sprint5.Task2.V15.Test.csproj", "{909175E6-CF87-42D4-8E97-C19EA5C8BBC3}"
EndProject
Global
	GlobalSection(SolutionConfigurationPlatforms) = preSolution
		Debug|Any CPU = Debug|Any CPU
		Release|Any CPU = Release|Any CPU
	EndGlobalSection
	GlobalSection(ProjectConfigurationPlatforms) = postSolution
		{83ECBFCB-EB12-4F6A-B1CB-E31EE4E979F2}.Debug|Any CPU.ActiveCfg = Debug|Any CPU
		{83ECBFCB-EB12-4F6A-B1CB-E31EE4E979F2}.Debug|Any CPU.Build.0 = Debug|Any CPU
		{83ECBFCB-EB12-4F6A-B1CB-E31EE4E979F2}.Release|Any CPU.ActiveCfg = Release|Any CPU
		{83ECBFCB-EB12-4F6A-B1CB-E31EE4E979F2}.Release|Any CPU.Build.0 = Release|Any CPU
		{BBC98B00-9F69-470D-8444-ECFCFB0202A1}.Debug|Any CPU.ActiveCfg = Debug|Any CPU
		{BBC98B00-9F69-470D-8444-ECFCFB0202A1}.Debug|Any CPU.Build.0 = Debug|Any CPU
		{BBC98B00-9F69-470D-8444-ECFCFB0202A1}.Release|Any CPU.ActiveCfg = Release|Any CPU
		{BBC98B00-9F69-470D-8444-ECFCFB0202A1}.Release|Any CPU.Build.0 = Release|Any CPU
		{1689FC83-A8E5-4BE4-B25C-1D19F4474299}.Debug|Any CPU.ActiveCfg = Debug|Any CPU
		{1689FC83-A8E5-4BE4-B25C-1D19F4474299}.Debug|Any CPU.Build.0 = Debug|Any CPU
		{1689FC83-A8E5-4BE4-B25C-1D19F4474299}.Release|Any CPU.ActiveCfg = Release|Any CPU
		{1689FC83-A8E5-4BE4-B25C-1D19F4474299}.Release|Any CPU.Build.0 = Release|Any CPU
		{4AF5B3FA-DE90-4609-A69B-4DD257D91821}.Debug|Any CPU.ActiveCfg = Debug|Any CPU
		{4AF5B3FA-DE90-4609-A69B-4DD257D91821}.Debug|Any CPU.Build.0 = Debug|Any CPU
		{4AF5B3FA-DE90-4609-A69B-4DD257D91821}.Release|Any CPU.ActiveCfg = Release|Any CPU
		{4AF5B3FA-DE90-4609-A69B-4DD257D91821}.Release|Any CPU.Build.0 = Release|Any CPU
		{B514C07D-FC67-425F-AD3F-DA008B4C127C}.Debug|Any CPU.ActiveCfg = Debug|Any CPU
		{B514C07D-FC67-425F-AD3F-DA008B4C127C}.Debug|Any CPU.Build.0 = Debug|Any CPU
		{B514C07D-FC67-425F-AD3F-DA008B4C127C}.Release|Any CPU.ActiveCfg = Release|Any CPU
		{B514C07D-FC67-425F-AD3F-DA008B4C127C}.Release|Any CPU.Build.0 = Release|Any CPU
		{7E72939B-913F-467B-BC1A-869C483DDC53}.Debug|Any CPU.ActiveCfg = Debug|Any CPU
		{7E72939B-913F-467B-BC1A-869C483DDC53}.Debug|Any CPU.Build.0 = Debug|Any CPU
		{7E72939B-913F-467B-BC1A-869C483DDC53}.Release|Any CPU.ActiveCfg = Release|Any CPU
		{7E72939B-913F-467B-BC1A-869C483DDC53}.Release|Any CPU.Build.0 = Release|Any CPU
		{5BC1FCFD-99C5-446B-807E-9587BBACC927}.Debug|Any CPU.ActiveCfg = Debug|Any CPU
		{5BC1FCFD-99C5-446B-807E-9587BBACC927}.Debug|Any CPU.Build.0 = Debug|Any CPU
		{5BC1FCFD-99C5-446B-807E-9587BBACC927}.Release|Any CPU.ActiveCfg = Release|Any CPU
		{5BC1FCFD-99C5-446B-807E-9587BBACC927}.Release|Any CPU.Build.0 = Release|Any CPU
		{AA809DAD-E960-4DEF-858B-7AF1C7BE42E6}.Debug|Any CPU.ActiveCfg = Debug|Any CPU
		{AA809DAD-E960-4DEF-858B-7AF1C7BE42E6}.Debug|Any CPU.Build.0 = Debug|Any CPU
		{AA809DAD-E960-4DEF-858B-7AF1C7BE42E6}.Release|Any CPU.ActiveCfg = Release|Any CPU
		{AA809DAD-E960-4DEF-858B-7AF1C7BE42E6}.Release|Any CPU.Build.0 = Release|Any CPU
		{909175E6-CF87-42D4-8E97-C19EA5C8BBC3}.Debug|Any CPU.ActiveCfg = Debug|Any CPU
		{909175E6-CF87-42D4-8E97-C19EA5C8BBC3}.Debug|Any CPU.Build.0 = Debug|Any CPU
		{909175E6-CF87-42D4-8E97-C19EA5C8BBC3}.Release|Any CPU.ActiveCfg = Release|Any CPU
		{909175E6-CF87-42D4-8E97-C19EA5C8BBC3}.Release|Any CPU.Build.0 = Release|Any CPU
	EndGlobalSection
	GlobalSection(SolutionProperties) = preSolution
		HideSolutionNode = FALSE
	EndGlobalSection
	GlobalSection(NestedProjects) = preSolution
		{83ECBFCB-EB12-4F6A-B1CB-E31EE4E979F2} = {02EA681E-C7D8-13C7-8484-4AC65E1B71E8}
		{BBC98B00-9F69-470D-8444-ECFCFB0202A1} = {02EA681E-C7D8-13C7-8484-4AC65E1B71E8}
		{1689FC83-A8E5-4BE4-B25C-1D19F4474299} = {02EA681E-C7D8-13C7-8484-4AC65E1B71E8}
		{4AF5B3FA-DE90-4609-A69B-4DD257D91821} = {9EFE25A8-8ED2-40FC-B816-B19F443016FA}
		{B514C07D-FC67-425F-AD3F-DA008B4C127C} = {9EFE25A8-8ED2-40FC-B816-B19F443016FA}
		{7E72939B-913F-467B-BC1A-869C483DDC53} = {9EFE25A8-8ED2-40FC-B816-B19F443016FA}
		{5BC1FCFD-99C5-446B-807E-9587BBACC927} = {007C86B5-B164-4CE9-B7C6-0F270BE39704}
		{AA809DAD-E960-4DEF-858B-7AF1C7BE42E6} = {007C86B5-B164-4CE9-B7C6-0F270BE39704}
		{909175E6-CF87-42D4-8E97-C19EA5C8BBC3} = {007C86B5-B164-4CE9-B7C6-0F270BE39704}
	EndGlobalSection
	GlobalSection(ExtensibilityGlobals) = postSolution
		SolutionGuid = {BE7DA9FB-DC35-41DE-BDBD-14094E9B058B}
	EndGlobalSection
EndGlobal
