
Microsoft Visual Studio Solution File, Format Version 12.00
# Visual Studio Version 17
VisualStudioVersion = 17.14.36623.8
MinimumVisualStudioVersion = 10.0.40219.1
Project("{2150E333-8FDC-42A3-9474-1A3956D46DE8}") = "Task0", "Task0", "{02EA681E-C7D8-13C7-8484-4AC65E1B71E8}"
EndProject
Project("{FAE04EC0-301F-11D3-BF4B-00C04F79EFBC}") = "Tyuiu.RagozinaAD.Sprint5.Task0.V6", "Tyuiu.RagozinaAD.Sprint5.Task0.V6\Tyuiu.RagozinaAD.Sprint5.Task0.V6.csproj", "{F6C110F9-62A2-4FB5-ADC0-DBDC651B3406}"
EndProject
Project("{FAE04EC0-301F-11D3-BF4B-00C04F79EFBC}") = "Tyuiu.RagozinaAD.Sprint5.Task0.V6.Lib", "Tyuiu.RagozinaAD.Sprint5.Task0.V6.Lib\Tyuiu.RagozinaAD.Sprint5.Task0.V6.Lib.csproj", "{3723DE6B-7511-4D81-8DDF-97CB794D8A58}"
EndProject
Project("{FAE04EC0-301F-11D3-BF4B-00C04F79EFBC}") = "Tyuiu.RagozinaAD.Sprint5.Task0.V6.Test", "Tyuiu.RagozinaAD.Sprint5.Task0.V6.Test\Tyuiu.RagozinaAD.Sprint5.Task0.V6.Test.csproj", "{B4E647F9-AECE-47A6-A65E-75E415F87015}"
EndProject
Project("{2150E333-8FDC-42A3-9474-1A3956D46DE8}") = "Task1", "Task1", "{E7092A33-20EB-475B-A70A-A32281384386}"
EndProject
Project("{FAE04EC0-301F-11D3-BF4B-00C04F79EFBC}") = "Tyuiu.RagozinaAD.Sprint5.Task1.V1", "Tyuiu.RagozinaAD.Sprint5.Task1.V1\Tyuiu.RagozinaAD.Sprint5.Task1.V1.csproj", "{4A9D8C6A-6350-4933-B7B2-70CA519FBD24}"
EndProject
Project("{FAE04EC0-301F-11D3-BF4B-00C04F79EFBC}") = "Tyuiu.RagozinaAD.Sprint5.Task1.V1.Lib", "Tyuiu.RagozinaAD.Sprint5.Task1.V1.Lib\Tyuiu.RagozinaAD.Sprint5.Task1.V1.Lib.csproj", "{516809E2-7AC7-4B49-BB7C-26DCE7D3E9DA}"
EndProject
Project("{FAE04EC0-301F-11D3-BF4B-00C04F79EFBC}") = "Tyuiu.RagozinaAD.Sprint5.Task1.V1.Test", "Tyuiu.RagozinaAD.Sprint5.Task1.V1.Test\Tyuiu.RagozinaAD.Sprint5.Task1.V1.Test.csproj", "{CB91077A-D505-4B38-8262-765CC1640EF2}"
EndProject
Project("{2150E333-8FDC-42A3-9474-1A3956D46DE8}") = "Task2", "Task2", "{5BE8F4C2-A87C-4BAA-A294-D6117C1C1E1B}"
EndProject
Project("{FAE04EC0-301F-11D3-BF4B-00C04F79EFBC}") = "Tyuiu.RagozinaAD.Sprint5.Task2.V15", "Tyuiu.RagozinaAD.Sprint5.Task2.V15\Tyuiu.RagozinaAD.Sprint5.Task2.V15.csproj", "{1E39D89F-8B2B-436F-9EE1-9441AF92D728}"
EndProject
Project("{FAE04EC0-301F-11D3-BF4B-00C04F79EFBC}") = "Tyuiu.RagozinaAD.Sprint5.Task2.V15.Lib", "Tyuiu.RagozinaAD.Sprint5.Task2.V15.Lib\Tyuiu.RagozinaAD.Sprint5.Task2.V15.Lib.csproj", "{22C51C60-FEFB-4186-8087-0561AA28D0A8}"
EndProject
Project("{FAE04EC0-301F-11D3-BF4B-00C04F79EFBC}") = "Tyuiu.RagozinaAD.Sprint5.Task2.V15.Test", "Tyuiu.RagozinaAD.Sprint5.Task2.V15.Test\Tyuiu.RagozinaAD.Sprint5.Task2.V15.Test.csproj", "{29D70B1F-A00B-4343-BF17-77B784C536A1}"
EndProject
Project("{2150E333-8FDC-42A3-9474-1A3956D46DE8}") = "Task3", "Task3", "{6E6A081F-863A-4227-ACC7-79AC12ECF2C5}"
EndProject
Project("{FAE04EC0-301F-11D3-BF4B-00C04F79EFBC}") = "Tyuiu.RagozinaAD.Sprint5.Task3.V6.", "Tyuiu.RagozinaAD.Sprint5.Task3.V6\Tyuiu.RagozinaAD.Sprint5.Task3.V6..csproj", "{464E9200-3A9B-420D-BA0D-0A8634D96092}"
EndProject
Project("{FAE04EC0-301F-11D3-BF4B-00C04F79EFBC}") = "Tyuiu.RagozinaAD.Sprint5.Task3.V6.Lib", "Tyuiu.RagozinaAD.Sprint5.Task3.V6.Lib\Tyuiu.RagozinaAD.Sprint5.Task3.V6.Lib.csproj", "{7F039320-C8AC-42AF-8786-376E8843DEF6}"
EndProject
Project("{FAE04EC0-301F-11D3-BF4B-00C04F79EFBC}") = "Tyuiu.RagozinaAD.Sprint5.Task3.V6.Test", "Tyuiu.RagozinaAD.Sprint5.Task3.V6.Test\Tyuiu.RagozinaAD.Sprint5.Task3.V6.Test.csproj", "{528FFE94-39AC-4697-9DCF-73251B502BCE}"
EndProject
Global
	GlobalSection(SolutionConfigurationPlatforms) = preSolution
		Debug|Any CPU = Debug|Any CPU
		Release|Any CPU = Release|Any CPU
	EndGlobalSection
	GlobalSection(ProjectConfigurationPlatforms) = postSolution
		{F6C110F9-62A2-4FB5-ADC0-DBDC651B3406}.Debug|Any CPU.ActiveCfg = Debug|Any CPU
		{F6C110F9-62A2-4FB5-ADC0-DBDC651B3406}.Debug|Any CPU.Build.0 = Debug|Any CPU
		{F6C110F9-62A2-4FB5-ADC0-DBDC651B3406}.Release|Any CPU.ActiveCfg = Release|Any CPU
		{F6C110F9-62A2-4FB5-ADC0-DBDC651B3406}.Release|Any CPU.Build.0 = Release|Any CPU
		{3723DE6B-7511-4D81-8DDF-97CB794D8A58}.Debug|Any CPU.ActiveCfg = Debug|Any CPU
		{3723DE6B-7511-4D81-8DDF-97CB794D8A58}.Debug|Any CPU.Build.0 = Debug|Any CPU
		{3723DE6B-7511-4D81-8DDF-97CB794D8A58}.Release|Any CPU.ActiveCfg = Release|Any CPU
		{3723DE6B-7511-4D81-8DDF-97CB794D8A58}.Release|Any CPU.Build.0 = Release|Any CPU
		{B4E647F9-AECE-47A6-A65E-75E415F87015}.Debug|Any CPU.ActiveCfg = Debug|Any CPU
		{B4E647F9-AECE-47A6-A65E-75E415F87015}.Debug|Any CPU.Build.0 = Debug|Any CPU
		{B4E647F9-AECE-47A6-A65E-75E415F87015}.Release|Any CPU.ActiveCfg = Release|Any CPU
		{B4E647F9-AECE-47A6-A65E-75E415F87015}.Release|Any CPU.Build.0 = Release|Any CPU
		{4A9D8C6A-6350-4933-B7B2-70CA519FBD24}.Debug|Any CPU.ActiveCfg = Debug|Any CPU
		{4A9D8C6A-6350-4933-B7B2-70CA519FBD24}.Debug|Any CPU.Build.0 = Debug|Any CPU
		{4A9D8C6A-6350-4933-B7B2-70CA519FBD24}.Release|Any CPU.ActiveCfg = Release|Any CPU
		{4A9D8C6A-6350-4933-B7B2-70CA519FBD24}.Release|Any CPU.Build.0 = Release|Any CPU
		{516809E2-7AC7-4B49-BB7C-26DCE7D3E9DA}.Debug|Any CPU.ActiveCfg = Debug|Any CPU
		{516809E2-7AC7-4B49-BB7C-26DCE7D3E9DA}.Debug|Any CPU.Build.0 = Debug|Any CPU
		{516809E2-7AC7-4B49-BB7C-26DCE7D3E9DA}.Release|Any CPU.ActiveCfg = Release|Any CPU
		{516809E2-7AC7-4B49-BB7C-26DCE7D3E9DA}.Release|Any CPU.Build.0 = Release|Any CPU
		{CB91077A-D505-4B38-8262-765CC1640EF2}.Debug|Any CPU.ActiveCfg = Debug|Any CPU
		{CB91077A-D505-4B38-8262-765CC1640EF2}.Debug|Any CPU.Build.0 = Debug|Any CPU
		{CB91077A-D505-4B38-8262-765CC1640EF2}.Release|Any CPU.ActiveCfg = Release|Any CPU
		{CB91077A-D505-4B38-8262-765CC1640EF2}.Release|Any CPU.Build.0 = Release|Any CPU
		{1E39D89F-8B2B-436F-9EE1-9441AF92D728}.Debug|Any CPU.ActiveCfg = Debug|Any CPU
		{1E39D89F-8B2B-436F-9EE1-9441AF92D728}.Debug|Any CPU.Build.0 = Debug|Any CPU
		{1E39D89F-8B2B-436F-9EE1-9441AF92D728}.Release|Any CPU.ActiveCfg = Release|Any CPU
		{1E39D89F-8B2B-436F-9EE1-9441AF92D728}.Release|Any CPU.Build.0 = Release|Any CPU
		{22C51C60-FEFB-4186-8087-0561AA28D0A8}.Debug|Any CPU.ActiveCfg = Debug|Any CPU
		{22C51C60-FEFB-4186-8087-0561AA28D0A8}.Debug|Any CPU.Build.0 = Debug|Any CPU
		{22C51C60-FEFB-4186-8087-0561AA28D0A8}.Release|Any CPU.ActiveCfg = Release|Any CPU
		{22C51C60-FEFB-4186-8087-0561AA28D0A8}.Release|Any CPU.Build.0 = Release|Any CPU
		{29D70B1F-A00B-4343-BF17-77B784C536A1}.Debug|Any CPU.ActiveCfg = Debug|Any CPU
		{29D70B1F-A00B-4343-BF17-77B784C536A1}.Debug|Any CPU.Build.0 = Debug|Any CPU
		{29D70B1F-A00B-4343-BF17-77B784C536A1}.Release|Any CPU.ActiveCfg = Release|Any CPU
		{29D70B1F-A00B-4343-BF17-77B784C536A1}.Release|Any CPU.Build.0 = Release|Any CPU
		{464E9200-3A9B-420D-BA0D-0A8634D96092}.Debug|Any CPU.ActiveCfg = Debug|Any CPU
		{464E9200-3A9B-420D-BA0D-0A8634D96092}.Debug|Any CPU.Build.0 = Debug|Any CPU
		{464E9200-3A9B-420D-BA0D-0A8634D96092}.Release|Any CPU.ActiveCfg = Release|Any CPU
		{464E9200-3A9B-420D-BA0D-0A8634D96092}.Release|Any CPU.Build.0 = Release|Any CPU
		{7F039320-C8AC-42AF-8786-376E8843DEF6}.Debug|Any CPU.ActiveCfg = Debug|Any CPU
		{7F039320-C8AC-42AF-8786-376E8843DEF6}.Debug|Any CPU.Build.0 = Debug|Any CPU
		{7F039320-C8AC-42AF-8786-376E8843DEF6}.Release|Any CPU.ActiveCfg = Release|Any CPU
		{7F039320-C8AC-42AF-8786-376E8843DEF6}.Release|Any CPU.Build.0 = Release|Any CPU
		{528FFE94-39AC-4697-9DCF-73251B502BCE}.Debug|Any CPU.ActiveCfg = Debug|Any CPU
		{528FFE94-39AC-4697-9DCF-73251B502BCE}.Debug|Any CPU.Build.0 = Debug|Any CPU
		{528FFE94-39AC-4697-9DCF-73251B502BCE}.Release|Any CPU.ActiveCfg = Release|Any CPU
		{528FFE94-39AC-4697-9DCF-73251B502BCE}.Release|Any CPU.Build.0 = Release|Any CPU
	EndGlobalSection
	GlobalSection(SolutionProperties) = preSolution
		HideSolutionNode = FALSE
	EndGlobalSection
	GlobalSection(NestedProjects) = preSolution
		{F6C110F9-62A2-4FB5-ADC0-DBDC651B3406} = {02EA681E-C7D8-13C7-8484-4AC65E1B71E8}
		{3723DE6B-7511-4D81-8DDF-97CB794D8A58} = {02EA681E-C7D8-13C7-8484-4AC65E1B71E8}
		{B4E647F9-AECE-47A6-A65E-75E415F87015} = {02EA681E-C7D8-13C7-8484-4AC65E1B71E8}
		{4A9D8C6A-6350-4933-B7B2-70CA519FBD24} = {E7092A33-20EB-475B-A70A-A32281384386}
		{516809E2-7AC7-4B49-BB7C-26DCE7D3E9DA} = {E7092A33-20EB-475B-A70A-A32281384386}
		{CB91077A-D505-4B38-8262-765CC1640EF2} = {E7092A33-20EB-475B-A70A-A32281384386}
		{1E39D89F-8B2B-436F-9EE1-9441AF92D728} = {5BE8F4C2-A87C-4BAA-A294-D6117C1C1E1B}
		{22C51C60-FEFB-4186-8087-0561AA28D0A8} = {5BE8F4C2-A87C-4BAA-A294-D6117C1C1E1B}
		{29D70B1F-A00B-4343-BF17-77B784C536A1} = {5BE8F4C2-A87C-4BAA-A294-D6117C1C1E1B}
		{464E9200-3A9B-420D-BA0D-0A8634D96092} = {6E6A081F-863A-4227-ACC7-79AC12ECF2C5}
		{7F039320-C8AC-42AF-8786-376E8843DEF6} = {6E6A081F-863A-4227-ACC7-79AC12ECF2C5}
		{528FFE94-39AC-4697-9DCF-73251B502BCE} = {6E6A081F-863A-4227-ACC7-79AC12ECF2C5}
	EndGlobalSection
	GlobalSection(ExtensibilityGlobals) = postSolution
		SolutionGuid = {46DEDCEA-86D1-4A7A-B519-BCFA734D75D8}
	EndGlobalSection
EndGlobal
